<?xml version="1.0" encoding="utf-8"?>
<Project ToolsVersion="4.0" xmlns="http://schemas.microsoft.com/developer/msbuild/2003">
  <ItemGroup>
    <Filter Include="res">
      <UniqueIdentifier>df7a44e3-b710-4ba3-9937-1198804b46cf</UniqueIdentifier>
    </Filter>
    <Filter Include="res\values">
      <UniqueIdentifier>108ae0bd-bff0-46a5-84be-34e89da64da2</UniqueIdentifier>
    </Filter>
    <Filter Include="jni">
      <UniqueIdentifier>{cdf8cb6c-9787-44a1-89ac-3869b499dba1}</UniqueIdentifier>
    </Filter>
  </ItemGroup>
  <ItemGroup>
    <AndroidBuild Include="AndroidManifest.xml" />
    <AndroidBuild Include="res\values\strings.xml">
      <Filter>res\values</Filter>
    </AndroidBuild>
  </ItemGroup>
</Project>