<?xml version="1.0" encoding="utf-8"?>
<Project ToolsVersion="4.0" xmlns="http://schemas.microsoft.com/developer/msbuild/2003">
  <ItemGroup>
    <ClInclude Include="..\RayEngineMath\Include\Math\Math.h">
      <Filter>Headers</Filter>
    </ClInclude>
    <ClInclude Include="..\RayEngineMath\Include\Math\MathUtilities.h">
      <Filter>Headers</Filter>
    </ClInclude>
    <ClInclude Include="..\RayEngineMath\Include\Math\Matrix2.h">
      <Filter>Headers</Filter>
    </ClInclude>
    <ClInclude Include="..\RayEngineMath\Include\Math\Matrix3.h">
      <Filter>Headers</Filter>
    </ClInclude>
    <ClInclude Include="..\RayEngineMath\Include\Math\Matrix4.h">
      <Filter>Headers</Filter>
    </ClInclude>
    <ClInclude Include="..\RayEngineMath\Include\Math\Point.h">
      <Filter>Headers</Filter>
    </ClInclude>
    <ClInclude Include="..\RayEngineMath\Include\Math\Ray.h">
      <Filter>Headers</Filter>
    </ClInclude>
    <ClInclude Include="..\RayEngineMath\Include\Math\Rectangle.h">
      <Filter>Headers</Filter>
    </ClInclude>
    <ClInclude Include="..\RayEngineMath\Include\Math\Vector2.h">
      <Filter>Headers</Filter>
    </ClInclude>
    <ClInclude Include="..\RayEngineMath\Include\Math\Vector3.h">
      <Filter>Headers</Filter>
    </ClInclude>
    <ClInclude Include="..\RayEngineMath\Include\Math\Vector4.h">
      <Filter>Headers</Filter>
    </ClInclude>
  </ItemGroup>
  <ItemGroup>
    <Filter Include="Headers">
      <UniqueIdentifier>{94fdd6ad-b180-4c2d-a20e-799f9a95aa54}</UniqueIdentifier>
    </Filter>
    <Filter Include="Source">
      <UniqueIdentifier>{670ce87b-d2ee-44ef-8ce6-9f195ec41e9c}</UniqueIdentifier>
    </Filter>
  </ItemGroup>
  <ItemGroup>
    <ClCompile Include="..\RayEngineMath\Source\MathUtilities.cpp">
      <Filter>Source</Filter>
    </ClCompile>
    <ClCompile Include="..\RayEngineMath\Source\Matrix2.cpp">
      <Filter>Source</Filter>
    </ClCompile>
    <ClCompile Include="..\RayEngineMath\Source\Matrix3.cpp">
      <Filter>Source</Filter>
    </ClCompile>
    <ClCompile Include="..\RayEngineMath\Source\Matrix4.cpp">
      <Filter>Source</Filter>
    </ClCompile>
    <ClCompile Include="..\RayEngineMath\Source\Point.cpp">
      <Filter>Source</Filter>
    </ClCompile>
    <ClCompile Include="..\RayEngineMath\Source\Ray.cpp">
      <Filter>Source</Filter>
    </ClCompile>
    <ClCompile Include="..\RayEngineMath\Source\Rectangle.cpp">
      <Filter>Source</Filter>
    </ClCompile>
    <ClCompile Include="..\RayEngineMath\Source\Vector2.cpp">
      <Filter>Source</Filter>
    </ClCompile>
    <ClCompile Include="..\RayEngineMath\Source\Vector3.cpp">
      <Filter>Source</Filter>
    </ClCompile>
    <ClCompile Include="..\RayEngineMath\Source\Vector4.cpp">
      <Filter>Source</Filter>
    </ClCompile>
  </ItemGroup>
</Project>