<?xml version="1.0" encoding="utf-8"?>
<Project ToolsVersion="4.0" xmlns="http://schemas.microsoft.com/developer/msbuild/2003">
  <ItemGroup>
    <ClInclude Include="..\RayEngineFramework\Dependencies\stb_image.h" />
    <ClInclude Include="..\RayEngineFramework\Dependencies\stb_image_resize.h" />
    <ClInclude Include="..\RayEngineFramework\Dependencies\stb_image_write.h" />
    <ClInclude Include="..\RayEngineFramework\Include\Defines.h" />
    <ClInclude Include="..\RayEngineFramework\Include\Types.h" />
    <ClInclude Include="..\RayEngineFramework\Include\Graphics\TextureLoader.h" />
    <ClInclude Include="..\RayEngineFramework\Include\Network\Socket.h" />
    <ClInclude Include="..\RayEngineFramework\Include\System\Cursor.h" />
    <ClInclude Include="..\RayEngineFramework\Include\System\Event.h" />
    <ClInclude Include="..\RayEngineFramework\Include\System\Icon.h" />
    <ClInclude Include="..\RayEngineFramework\Include\System\KeyCodes.h" />
    <ClInclude Include="..\RayEngineFramework\Include\System\Window.h" />
    <ClInclude Include="..\RayEngineFramework\Include\Win32\Win32CursorImpl.h" />
    <ClInclude Include="..\RayEngineFramework\Include\Win32\Win32IconImpl.h" />
    <ClInclude Include="..\RayEngineFramework\Include\Win32\Win32SocketImpl.h" />
    <ClInclude Include="..\RayEngineFramework\Include\Win32\Win32WindowImpl.h" />
    <ClInclude Include="..\RayEngineFramework\Source\Win32\Win32Bitmap.h" />
    <ClInclude Include="..\RayEngineFramework\Include\Android\Android.h" />
    <ClInclude Include="..\RayEngineFramework\Include\Android\AndroidWindowImpl.h" />
  </ItemGroup>
  <ItemGroup>
    <ClCompile Include="..\RayEngineFramework\Source\Graphics\TextureLoader.cpp" />
    <ClCompile Include="..\RayEngineFramework\Source\Network\Socket.cpp" />
    <ClCompile Include="..\RayEngineFramework\Source\System\Cursor.cpp" />
    <ClCompile Include="..\RayEngineFramework\Source\System\Event.cpp" />
    <ClCompile Include="..\RayEngineFramework\Source\System\Icon.cpp" />
    <ClCompile Include="..\RayEngineFramework\Source\System\Window.cpp" />
    <ClCompile Include="..\RayEngineFramework\Source\Win32\Win32Bitmap.cpp" />
    <ClCompile Include="..\RayEngineFramework\Source\Win32\Win32CursorImpl.cpp" />
    <ClCompile Include="..\RayEngineFramework\Source\Win32\Win32IconImpl.cpp" />
    <ClCompile Include="..\RayEngineFramework\Source\Win32\Win32SocketImpl.cpp" />
    <ClCompile Include="..\RayEngineFramework\Source\Win32\Win32WindowImpl.cpp" />
    <ClCompile Include="..\RayEngineFramework\Source\Main\MainAndroid.cpp" />
    <ClCompile Include="..\RayEngineFramework\Source\Main\MainWin32.cpp" />
    <ClCompile Include="..\RayEngineFramework\Source\Android\Android.cpp" />
    <ClCompile Include="..\RayEngineFramework\Source\Android\AndroidWindowImpl.cpp" />
  </ItemGroup>
</Project>